
Microsoft Visual Studio Solution File, Format Version 12.00
# Visual Studio Version 16
VisualStudioVersion = 16.0.29306.81
MinimumVisualStudioVersion = 10.0.40219.1
Project("{8BC9CEB8-8B4A-11D0-8D11-00A0C91BC942}") = "model_loader", "model_loader.vcxproj", "{0591C48D-02BE-4B92-9021-0CB33C2E70E3}"
EndProject
Global
	GlobalSection(SolutionConfigurationPlatforms) = preSolution
		Debug|x64 = Debug|x64
		Release|x64 = Release|x64
	EndGlobalSection
	GlobalSection(ProjectConfigurationPlatforms) = postSolution
		{0591C48D-02BE-4B92-9021-0CB33C2E70E3}.Debug|x64.ActiveCfg = Debug|x64
		{0591C48D-02BE-4B92-9021-0CB33C2E70E3}.Debug|x64.Build.0 = Debug|x64
		{0591C48D-02BE-4B92-9021-0CB33C2E70E3}.Release|x64.ActiveCfg = Release|x64
		{0591C48D-02BE-4B92-9021-0CB33C2E70E3}.Release|x64.Build.0 = Release|x64
	EndGlobalSection
	GlobalSection(SolutionProperties) = preSolution
		HideSolutionNode = FALSE
	EndGlobalSection
	GlobalSection(ExtensibilityGlobals) = postSolution
		SolutionGuid = {1191F674-F196-4CE4-9840-FAA90D80EA2C}
	EndGlobalSection
EndGlobal
